
Microsoft Visual Studio Solution File, Format Version 12.00
# Visual Studio 2012
Project("{FAE04EC0-301F-11D3-BF4B-00C04F79EFBC}") = "PasswordGenerator", "PasswordGenerator\PasswordGenerator.csproj", "{9F498742-76F6-4431-AB20-7068FD8395DF}"
EndProject
Project("{FAE04EC0-301F-11D3-BF4B-00C04F79EFBC}") = "PWGenCmdLine", "PWGenCmdLine\PWGenCmdLine.csproj", "{6C847B6E-778E-428B-B009-E66D91010719}"
EndProject
Global
	GlobalSection(SolutionConfigurationPlatforms) = preSolution
		Debug|Any CPU = Debug|Any CPU
		Release|Any CPU = Release|Any CPU
	EndGlobalSection
	GlobalSection(ProjectConfigurationPlatforms) = postSolution
		{9F498742-76F6-4431-AB20-7068FD8395DF}.Debug|Any CPU.ActiveCfg = Debug|Any CPU
		{9F498742-76F6-4431-AB20-7068FD8395DF}.Debug|Any CPU.Build.0 = Debug|Any CPU
		{9F498742-76F6-4431-AB20-7068FD8395DF}.Release|Any CPU.ActiveCfg = Release|Any CPU
		{9F498742-76F6-4431-AB20-7068FD8395DF}.Release|Any CPU.Build.0 = Release|Any CPU
		{6C847B6E-778E-428B-B009-E66D91010719}.Debug|Any CPU.ActiveCfg = Debug|Any CPU
		{6C847B6E-778E-428B-B009-E66D91010719}.Debug|Any CPU.Build.0 = Debug|Any CPU
		{6C847B6E-778E-428B-B009-E66D91010719}.Release|Any CPU.ActiveCfg = Release|Any CPU
		{6C847B6E-778E-428B-B009-E66D91010719}.Release|Any CPU.Build.0 = Release|Any CPU
	EndGlobalSection
	GlobalSection(SolutionProperties) = preSolution
		HideSolutionNode = FALSE
	EndGlobalSection
EndGlobal
